
Microsoft Visual Studio Solution File, Format Version 12.00
# Visual Studio Version 17
VisualStudioVersion = 17.14.36327.8
MinimumVisualStudioVersion = 10.0.40219.1
Project("{FAE04EC0-301F-11D3-BF4B-00C04F79EFBC}") = "MFFAmpeg", "MFFAmpeg\MFFAmpeg.csproj", "{1F2E394A-BF2F-52D2-823B-F2BB62394300}"
EndProject
Project("{FAE04EC0-301F-11D3-BF4B-00C04F79EFBC}") = "MFFATestApp", "MFFATestApp\MFFATestApp.csproj", "{42300932-A5F0-9C4F-9A36-11A9C918DB48}"
	ProjectSection(ProjectDependencies) = postProject
		{1F2E394A-BF2F-52D2-823B-F2BB62394300} = {1F2E394A-BF2F-52D2-823B-F2BB62394300}
	EndProjectSection
EndProject
Global
	GlobalSection(SolutionConfigurationPlatforms) = preSolution
		Debug|Any CPU = Debug|Any CPU
		Release|Any CPU = Release|Any CPU
	EndGlobalSection
	GlobalSection(ProjectConfigurationPlatforms) = postSolution
		{1F2E394A-BF2F-52D2-823B-F2BB62394300}.Debug|Any CPU.ActiveCfg = Debug|Any CPU
		{1F2E394A-BF2F-52D2-823B-F2BB62394300}.Debug|Any CPU.Build.0 = Debug|Any CPU
		{1F2E394A-BF2F-52D2-823B-F2BB62394300}.Release|Any CPU.ActiveCfg = Release|Any CPU
		{1F2E394A-BF2F-52D2-823B-F2BB62394300}.Release|Any CPU.Build.0 = Release|Any CPU
		{42300932-A5F0-9C4F-9A36-11A9C918DB48}.Debug|Any CPU.ActiveCfg = Debug|Any CPU
		{42300932-A5F0-9C4F-9A36-11A9C918DB48}.Debug|Any CPU.Build.0 = Debug|Any CPU
		{42300932-A5F0-9C4F-9A36-11A9C918DB48}.Release|Any CPU.ActiveCfg = Release|Any CPU
		{42300932-A5F0-9C4F-9A36-11A9C918DB48}.Release|Any CPU.Build.0 = Release|Any CPU
	EndGlobalSection
	GlobalSection(SolutionProperties) = preSolution
		HideSolutionNode = FALSE
	EndGlobalSection
	GlobalSection(ExtensibilityGlobals) = postSolution
		SolutionGuid = {54F8C987-0A27-4E18-BBC2-42DB02542344}
	EndGlobalSection
EndGlobal
